
Microsoft Visual Studio Solution File, Format Version 12.00
# Visual Studio Version 17
VisualStudioVersion = 17.3.32825.248
MinimumVisualStudioVersion = 10.0.40219.1
Project("{888888A0-9F3D-457C-B088-3A5042F75D52}") = "Lab2dp", "Lab2dp\Lab2dp.pyproj", "{3509A062-CB75-401D-933D-F3AA6805C9BC}"
EndProject
Global
	GlobalSection(SolutionConfigurationPlatforms) = preSolution
		Debug|Any CPU = Debug|Any CPU
		Release|Any CPU = Release|Any CPU
	EndGlobalSection
	GlobalSection(ProjectConfigurationPlatforms) = postSolution
		{3509A062-CB75-401D-933D-F3AA6805C9BC}.Debug|Any CPU.ActiveCfg = Debug|Any CPU
		{3509A062-CB75-401D-933D-F3AA6805C9BC}.Release|Any CPU.ActiveCfg = Release|Any CPU
	EndGlobalSection
	GlobalSection(SolutionProperties) = preSolution
		HideSolutionNode = FALSE
	EndGlobalSection
	GlobalSection(ExtensibilityGlobals) = postSolution
		SolutionGuid = {9CB4266B-7162-4E35-A799-B114412CE1C8}
	EndGlobalSection
EndGlobal
